
Microsoft Visual Studio Solution File, Format Version 12.00
# Visual Studio Version 17
VisualStudioVersion = 17.2.32519.379
MinimumVisualStudioVersion = 10.0.40219.1
Project("{FAE04EC0-301F-11D3-BF4B-00C04F79EFBC}") = "18-matrix_matrix_mul", "18-matrix_matrix_mul.csproj", "{9B0B509F-00A6-48C8-9E33-2A8F85946ED8}"
EndProject
Global
	GlobalSection(SolutionConfigurationPlatforms) = preSolution
		Debug|Any CPU = Debug|Any CPU
		Release|Any CPU = Release|Any CPU
	EndGlobalSection
	GlobalSection(ProjectConfigurationPlatforms) = postSolution
		{9B0B509F-00A6-48C8-9E33-2A8F85946ED8}.Debug|Any CPU.ActiveCfg = Debug|Any CPU
		{9B0B509F-00A6-48C8-9E33-2A8F85946ED8}.Debug|Any CPU.Build.0 = Debug|Any CPU
		{9B0B509F-00A6-48C8-9E33-2A8F85946ED8}.Release|Any CPU.ActiveCfg = Release|Any CPU
		{9B0B509F-00A6-48C8-9E33-2A8F85946ED8}.Release|Any CPU.Build.0 = Release|Any CPU
	EndGlobalSection
	GlobalSection(SolutionProperties) = preSolution
		HideSolutionNode = FALSE
	EndGlobalSection
	GlobalSection(ExtensibilityGlobals) = postSolution
		SolutionGuid = {1431ADA6-08C7-4E64-B43A-E6EC6DDAA91D}
	EndGlobalSection
EndGlobal
