
Microsoft Visual Studio Solution File, Format Version 12.00
# Visual Studio Version 17
VisualStudioVersion = 17.1.32319.34
MinimumVisualStudioVersion = 10.0.40219.1
Project("{FAE04EC0-301F-11D3-BF4B-00C04F79EFBC}") = "Text", "Text\Text.csproj", "{8993C5C5-8823-4D97-839E-566F778AF072}"
EndProject
Project("{FAE04EC0-301F-11D3-BF4B-00C04F79EFBC}") = "Text.Tests", "Text.Tests\Text.Tests.csproj", "{479EE8A1-D853-42D8-81A2-29B12B32131D}"
EndProject
Global
	GlobalSection(SolutionConfigurationPlatforms) = preSolution
		Debug|Any CPU = Debug|Any CPU
		Release|Any CPU = Release|Any CPU
	EndGlobalSection
	GlobalSection(ProjectConfigurationPlatforms) = postSolution
		{8993C5C5-8823-4D97-839E-566F778AF072}.Debug|Any CPU.ActiveCfg = Debug|Any CPU
		{8993C5C5-8823-4D97-839E-566F778AF072}.Debug|Any CPU.Build.0 = Debug|Any CPU
		{8993C5C5-8823-4D97-839E-566F778AF072}.Release|Any CPU.ActiveCfg = Release|Any CPU
		{8993C5C5-8823-4D97-839E-566F778AF072}.Release|Any CPU.Build.0 = Release|Any CPU
		{479EE8A1-D853-42D8-81A2-29B12B32131D}.Debug|Any CPU.ActiveCfg = Debug|Any CPU
		{479EE8A1-D853-42D8-81A2-29B12B32131D}.Debug|Any CPU.Build.0 = Debug|Any CPU
		{479EE8A1-D853-42D8-81A2-29B12B32131D}.Release|Any CPU.ActiveCfg = Release|Any CPU
		{479EE8A1-D853-42D8-81A2-29B12B32131D}.Release|Any CPU.Build.0 = Release|Any CPU
	EndGlobalSection
	GlobalSection(SolutionProperties) = preSolution
		HideSolutionNode = FALSE
	EndGlobalSection
	GlobalSection(ExtensibilityGlobals) = postSolution
		SolutionGuid = {1EF1443D-CF1A-4350-A97E-F21F3EB431AE}
	EndGlobalSection
EndGlobal
