
Microsoft Visual Studio Solution File, Format Version 12.00
# Visual Studio Version 17
VisualStudioVersion = 17.1.32319.34
MinimumVisualStudioVersion = 10.0.40219.1
Project("{FAE04EC0-301F-11D3-BF4B-00C04F79EFBC}") = "MyMath", "MyMath\MyMath.csproj", "{7AC0A6B7-D6D4-4ADF-95BB-BE34B41498E5}"
EndProject
Project("{FAE04EC0-301F-11D3-BF4B-00C04F79EFBC}") = "MyMath.Tests", "MyMath.Tests\MyMath.Tests.csproj", "{D3F58013-D858-4F4F-9F0D-7704C0CB4C10}"
EndProject
Global
	GlobalSection(SolutionConfigurationPlatforms) = preSolution
		Debug|Any CPU = Debug|Any CPU
		Release|Any CPU = Release|Any CPU
	EndGlobalSection
	GlobalSection(ProjectConfigurationPlatforms) = postSolution
		{7AC0A6B7-D6D4-4ADF-95BB-BE34B41498E5}.Debug|Any CPU.ActiveCfg = Debug|Any CPU
		{7AC0A6B7-D6D4-4ADF-95BB-BE34B41498E5}.Debug|Any CPU.Build.0 = Debug|Any CPU
		{7AC0A6B7-D6D4-4ADF-95BB-BE34B41498E5}.Release|Any CPU.ActiveCfg = Release|Any CPU
		{7AC0A6B7-D6D4-4ADF-95BB-BE34B41498E5}.Release|Any CPU.Build.0 = Release|Any CPU
		{D3F58013-D858-4F4F-9F0D-7704C0CB4C10}.Debug|Any CPU.ActiveCfg = Debug|Any CPU
		{D3F58013-D858-4F4F-9F0D-7704C0CB4C10}.Debug|Any CPU.Build.0 = Debug|Any CPU
		{D3F58013-D858-4F4F-9F0D-7704C0CB4C10}.Release|Any CPU.ActiveCfg = Release|Any CPU
		{D3F58013-D858-4F4F-9F0D-7704C0CB4C10}.Release|Any CPU.Build.0 = Release|Any CPU
	EndGlobalSection
	GlobalSection(SolutionProperties) = preSolution
		HideSolutionNode = FALSE
	EndGlobalSection
	GlobalSection(ExtensibilityGlobals) = postSolution
		SolutionGuid = {7DDD1679-A52D-49BB-9884-6E1F6036CC8C}
	EndGlobalSection
EndGlobal
