
Microsoft Visual Studio Solution File, Format Version 12.00
# Visual Studio Version 17
VisualStudioVersion = 17.1.32328.378
MinimumVisualStudioVersion = 10.0.40219.1
Project("{FAE04EC0-301F-11D3-BF4B-00C04F79EFBC}") = "Text", "Text\Text.csproj", "{000E6043-328A-4807-B0DD-D23F021A4A40}"
EndProject
Project("{FAE04EC0-301F-11D3-BF4B-00C04F79EFBC}") = "Text.Tests", "Text.Tests\Text.Tests.csproj", "{9874E200-DB71-44AF-8FFF-E1C84BBFEE2E}"
EndProject
Global
	GlobalSection(SolutionConfigurationPlatforms) = preSolution
		Debug|Any CPU = Debug|Any CPU
		Release|Any CPU = Release|Any CPU
	EndGlobalSection
	GlobalSection(ProjectConfigurationPlatforms) = postSolution
		{000E6043-328A-4807-B0DD-D23F021A4A40}.Debug|Any CPU.ActiveCfg = Debug|Any CPU
		{000E6043-328A-4807-B0DD-D23F021A4A40}.Debug|Any CPU.Build.0 = Debug|Any CPU
		{000E6043-328A-4807-B0DD-D23F021A4A40}.Release|Any CPU.ActiveCfg = Release|Any CPU
		{000E6043-328A-4807-B0DD-D23F021A4A40}.Release|Any CPU.Build.0 = Release|Any CPU
		{9874E200-DB71-44AF-8FFF-E1C84BBFEE2E}.Debug|Any CPU.ActiveCfg = Debug|Any CPU
		{9874E200-DB71-44AF-8FFF-E1C84BBFEE2E}.Debug|Any CPU.Build.0 = Debug|Any CPU
		{9874E200-DB71-44AF-8FFF-E1C84BBFEE2E}.Release|Any CPU.ActiveCfg = Release|Any CPU
		{9874E200-DB71-44AF-8FFF-E1C84BBFEE2E}.Release|Any CPU.Build.0 = Release|Any CPU
	EndGlobalSection
	GlobalSection(SolutionProperties) = preSolution
		HideSolutionNode = FALSE
	EndGlobalSection
	GlobalSection(ExtensibilityGlobals) = postSolution
		SolutionGuid = {09ED48A5-E335-4DEF-A0A7-CCCB0CD825F5}
	EndGlobalSection
EndGlobal
