
Microsoft Visual Studio Solution File, Format Version 12.00
# Visual Studio Version 17
VisualStudioVersion = 17.2.32519.379
MinimumVisualStudioVersion = 10.0.40219.1
Project("{FAE04EC0-301F-11D3-BF4B-00C04F79EFBC}") = "30-cross_product", "30-cross_product.csproj", "{8D0B74E0-0837-4C1B-BA9A-CF8E8CA67783}"
EndProject
Global
	GlobalSection(SolutionConfigurationPlatforms) = preSolution
		Debug|Any CPU = Debug|Any CPU
		Release|Any CPU = Release|Any CPU
	EndGlobalSection
	GlobalSection(ProjectConfigurationPlatforms) = postSolution
		{8D0B74E0-0837-4C1B-BA9A-CF8E8CA67783}.Debug|Any CPU.ActiveCfg = Debug|Any CPU
		{8D0B74E0-0837-4C1B-BA9A-CF8E8CA67783}.Debug|Any CPU.Build.0 = Debug|Any CPU
		{8D0B74E0-0837-4C1B-BA9A-CF8E8CA67783}.Release|Any CPU.ActiveCfg = Release|Any CPU
		{8D0B74E0-0837-4C1B-BA9A-CF8E8CA67783}.Release|Any CPU.Build.0 = Release|Any CPU
	EndGlobalSection
	GlobalSection(SolutionProperties) = preSolution
		HideSolutionNode = FALSE
	EndGlobalSection
	GlobalSection(ExtensibilityGlobals) = postSolution
		SolutionGuid = {D8E72D66-A32E-4789-86C2-07033FD6387E}
	EndGlobalSection
EndGlobal
