
Microsoft Visual Studio Solution File, Format Version 12.00
# Visual Studio Version 17
VisualStudioVersion = 17.1.32328.378
MinimumVisualStudioVersion = 10.0.40219.1
Project("{FAE04EC0-301F-11D3-BF4B-00C04F79EFBC}") = "5-shape", "5-shape.csproj", "{95BB5635-34F9-40D9-8516-094A8E1FF3FD}"
EndProject
Global
	GlobalSection(SolutionConfigurationPlatforms) = preSolution
		Debug|Any CPU = Debug|Any CPU
		Release|Any CPU = Release|Any CPU
	EndGlobalSection
	GlobalSection(ProjectConfigurationPlatforms) = postSolution
		{95BB5635-34F9-40D9-8516-094A8E1FF3FD}.Debug|Any CPU.ActiveCfg = Debug|Any CPU
		{95BB5635-34F9-40D9-8516-094A8E1FF3FD}.Debug|Any CPU.Build.0 = Debug|Any CPU
		{95BB5635-34F9-40D9-8516-094A8E1FF3FD}.Release|Any CPU.ActiveCfg = Release|Any CPU
		{95BB5635-34F9-40D9-8516-094A8E1FF3FD}.Release|Any CPU.Build.0 = Release|Any CPU
	EndGlobalSection
	GlobalSection(SolutionProperties) = preSolution
		HideSolutionNode = FALSE
	EndGlobalSection
	GlobalSection(ExtensibilityGlobals) = postSolution
		SolutionGuid = {5B008B8E-BA06-4825-9609-3B9AB605F534}
	EndGlobalSection
EndGlobal
