
Microsoft Visual Studio Solution File, Format Version 12.00
# Visual Studio Version 17
VisualStudioVersion = 17.1.32328.378
MinimumVisualStudioVersion = 10.0.40219.1
Project("{FAE04EC0-301F-11D3-BF4B-00C04F79EFBC}") = "6-shape", "6-shape.csproj", "{C40CD6FF-13C5-4354-BA76-9642C9B2558A}"
EndProject
Global
	GlobalSection(SolutionConfigurationPlatforms) = preSolution
		Debug|Any CPU = Debug|Any CPU
		Release|Any CPU = Release|Any CPU
	EndGlobalSection
	GlobalSection(ProjectConfigurationPlatforms) = postSolution
		{C40CD6FF-13C5-4354-BA76-9642C9B2558A}.Debug|Any CPU.ActiveCfg = Debug|Any CPU
		{C40CD6FF-13C5-4354-BA76-9642C9B2558A}.Debug|Any CPU.Build.0 = Debug|Any CPU
		{C40CD6FF-13C5-4354-BA76-9642C9B2558A}.Release|Any CPU.ActiveCfg = Release|Any CPU
		{C40CD6FF-13C5-4354-BA76-9642C9B2558A}.Release|Any CPU.Build.0 = Release|Any CPU
	EndGlobalSection
	GlobalSection(SolutionProperties) = preSolution
		HideSolutionNode = FALSE
	EndGlobalSection
	GlobalSection(ExtensibilityGlobals) = postSolution
		SolutionGuid = {AA574D08-C13B-4C53-84E4-E0AA8930A661}
	EndGlobalSection
EndGlobal
