
Microsoft Visual Studio Solution File, Format Version 12.00
# Visual Studio Version 17
VisualStudioVersion = 17.1.32319.34
MinimumVisualStudioVersion = 10.0.40219.1
Project("{FAE04EC0-301F-11D3-BF4B-00C04F79EFBC}") = "Text", "Text\Text.csproj", "{6129BF6B-3CC8-491E-86AB-3FB4786A3FD2}"
EndProject
Project("{FAE04EC0-301F-11D3-BF4B-00C04F79EFBC}") = "Text.Tests", "Text.Tests\Text.Tests.csproj", "{BE8852A7-91A3-4AB8-9AEC-6EB47706FA25}"
EndProject
Global
	GlobalSection(SolutionConfigurationPlatforms) = preSolution
		Debug|Any CPU = Debug|Any CPU
		Release|Any CPU = Release|Any CPU
	EndGlobalSection
	GlobalSection(ProjectConfigurationPlatforms) = postSolution
		{6129BF6B-3CC8-491E-86AB-3FB4786A3FD2}.Debug|Any CPU.ActiveCfg = Debug|Any CPU
		{6129BF6B-3CC8-491E-86AB-3FB4786A3FD2}.Debug|Any CPU.Build.0 = Debug|Any CPU
		{6129BF6B-3CC8-491E-86AB-3FB4786A3FD2}.Release|Any CPU.ActiveCfg = Release|Any CPU
		{6129BF6B-3CC8-491E-86AB-3FB4786A3FD2}.Release|Any CPU.Build.0 = Release|Any CPU
		{BE8852A7-91A3-4AB8-9AEC-6EB47706FA25}.Debug|Any CPU.ActiveCfg = Debug|Any CPU
		{BE8852A7-91A3-4AB8-9AEC-6EB47706FA25}.Debug|Any CPU.Build.0 = Debug|Any CPU
		{BE8852A7-91A3-4AB8-9AEC-6EB47706FA25}.Release|Any CPU.ActiveCfg = Release|Any CPU
		{BE8852A7-91A3-4AB8-9AEC-6EB47706FA25}.Release|Any CPU.Build.0 = Release|Any CPU
	EndGlobalSection
	GlobalSection(SolutionProperties) = preSolution
		HideSolutionNode = FALSE
	EndGlobalSection
	GlobalSection(ExtensibilityGlobals) = postSolution
		SolutionGuid = {25DD57F6-9F00-45C1-A882-840B16DF467F}
	EndGlobalSection
EndGlobal
