
Microsoft Visual Studio Solution File, Format Version 12.00
# Visual Studio Version 17
VisualStudioVersion = 17.2.32519.379
MinimumVisualStudioVersion = 10.0.40219.1
Project("{FAE04EC0-301F-11D3-BF4B-00C04F79EFBC}") = "16-matrix_scalar_mul", "16-matrix_scalar_mul.csproj", "{A23D25E9-61AD-4393-A079-69AABD082453}"
EndProject
Global
	GlobalSection(SolutionConfigurationPlatforms) = preSolution
		Debug|Any CPU = Debug|Any CPU
		Release|Any CPU = Release|Any CPU
	EndGlobalSection
	GlobalSection(ProjectConfigurationPlatforms) = postSolution
		{A23D25E9-61AD-4393-A079-69AABD082453}.Debug|Any CPU.ActiveCfg = Debug|Any CPU
		{A23D25E9-61AD-4393-A079-69AABD082453}.Debug|Any CPU.Build.0 = Debug|Any CPU
		{A23D25E9-61AD-4393-A079-69AABD082453}.Release|Any CPU.ActiveCfg = Release|Any CPU
		{A23D25E9-61AD-4393-A079-69AABD082453}.Release|Any CPU.Build.0 = Release|Any CPU
	EndGlobalSection
	GlobalSection(SolutionProperties) = preSolution
		HideSolutionNode = FALSE
	EndGlobalSection
	GlobalSection(ExtensibilityGlobals) = postSolution
		SolutionGuid = {DA7D5744-3089-4690-9148-4BFFA9A64A36}
	EndGlobalSection
EndGlobal
